# THIS IS AN AUTOGENERATED FILE. DO NOT EDIT THIS FILE DIRECTLY.
# yarn lockfile v1


"@dothq/id@^1.0.1":
  version "1.0.1"
  resolved "https://registry.yarnpkg.com/@dothq/id/-/id-1.0.1.tgz#353e4ccefe7e7a3f3528c0888a456b944671c9a7"
  integrity sha512-UFBWgzCNUsyVE3cTQUKs1glWLATlScUrDkLNmAxU7Fsmx056u4wIM75sPmRc5sxiFkd1UflgVurDJv70soS7qQ==
